
Microsoft Visual Studio Solution File, Format Version 12.00
# Visual Studio Version 17
VisualStudioVersion = 17.0.31903.59
MinimumVisualStudioVersion = 10.0.40219.1
Project("{BC8A1FFA-BEE3-4634-8014-F334798102B3}") = "Rp1210ProxyDll", "Rp1210ProxyDll.vcxproj", "{2E0B7A3C-3A8B-4B73-9E52-7A9A0C5E6E6B}"
EndProject
Global
	GlobalSection(SolutionConfigurationPlatforms) = preSolution
		Debug|x64 = Debug|x64
		Release|x64 = Release|x64
	EndGlobalSection
	GlobalSection(ProjectConfigurationPlatforms) = postSolution
		{2E0B7A3C-3A8B-4B73-9E52-7A9A0C5E6E6B}.Debug|x64.ActiveCfg = Debug|x64
		{2E0B7A3C-3A8B-4B73-9E52-7A9A0C5E6E6B}.Debug|x64.Build.0 = Debug|x64
		{2E0B7A3C-3A8B-4B73-9E52-7A9A0C5E6E6B}.Release|x64.ActiveCfg = Release|x64
		{2E0B7A3C-3A8B-4B73-9E52-7A9A0C5E6E6B}.Release|x64.Build.0 = Release|x64
	EndGlobalSection
EndGlobal
